
Microsoft Visual Studio Solution File, Format Version 12.00
# Visual Studio 2017
Project("{FAE04EC0-301F-11D3-BF4B-00C04F79EFBC}") = "ES-A2 Project", "ES-A2 Project.csproj", "{61166DB1-8A35-4227-2763-29E8B0BD0ABD}"
EndProject
Global
	GlobalSection(SolutionConfigurationPlatforms) = preSolution
		Debug|Any CPU = Debug|Any CPU
		Release|Any CPU = Release|Any CPU
	EndGlobalSection
	GlobalSection(ProjectConfigurationPlatforms) = postSolution
		{61166DB1-8A35-4227-2763-29E8B0BD0ABD}.Debug|Any CPU.ActiveCfg = Debug|Any CPU
		{61166DB1-8A35-4227-2763-29E8B0BD0ABD}.Debug|Any CPU.Build.0 = Debug|Any CPU
		{61166DB1-8A35-4227-2763-29E8B0BD0ABD}.Release|Any CPU.ActiveCfg = Release|Any CPU
		{61166DB1-8A35-4227-2763-29E8B0BD0ABD}.Release|Any CPU.Build.0 = Release|Any CPU
	EndGlobalSection
	GlobalSection(SolutionProperties) = preSolution
		HideSolutionNode = FALSE
	EndGlobalSection
EndGlobal
