
Microsoft Visual Studio Solution File, Format Version 11.00
# Visual Studio 2010
Project("{FAE04EC0-301F-11D3-BF4B-00C04F79EFBC}") = "ES-A2 Project", "Assembly-CSharp.csproj", "{AB9042F8-0EA4-A40D-9653-14B973B17FAD}"
EndProject
Global
	GlobalSection(SolutionConfigurationPlatforms) = preSolution
		Debug|Any CPU = Debug|Any CPU
		Release|Any CPU = Release|Any CPU
	EndGlobalSection
	GlobalSection(ProjectConfigurationPlatforms) = postSolution
		{AB9042F8-0EA4-A40D-9653-14B973B17FAD}.Debug|Any CPU.ActiveCfg = Debug|Any CPU
		{AB9042F8-0EA4-A40D-9653-14B973B17FAD}.Debug|Any CPU.Build.0 = Debug|Any CPU
		{AB9042F8-0EA4-A40D-9653-14B973B17FAD}.Release|Any CPU.ActiveCfg = Release|Any CPU
		{AB9042F8-0EA4-A40D-9653-14B973B17FAD}.Release|Any CPU.Build.0 = Release|Any CPU
	EndGlobalSection
	GlobalSection(SolutionProperties) = preSolution
		HideSolutionNode = FALSE
	EndGlobalSection
	GlobalSection(MonoDevelopProperties) = preSolution
		StartupItem = Assembly-CSharp.csproj
	EndGlobalSection
EndGlobal
